// !$*UTF8*$!
{
	archiveVersion = 1;
	classes = {
	};
	objectVersion = 60;
	objects = {

/* Begin PBXBuildFile section */
		AD026E51274BEAC700E4E224 /* AppDelegate.m in Sources */ = {isa = PBXBuildFile; fileRef = AD026E50274BEAC700E4E224 /* AppDelegate.m */; };
		AD026E54274BEAC700E4E224 /* MTMainViewController.m in Sources */ = {isa = PBXBuildFile; fileRef = AD026E53274BEAC700E4E224 /* MTMainViewController.m */; };
		AD026E56274BEAC900E4E224 /* Assets.xcassets in Resources */ = {isa = PBXBuildFile; fileRef = AD026E55274BEAC900E4E224 /* Assets.xcassets */; };
		AD026E59274BEAC900E4E224 /* Main.storyboard in Resources */ = {isa = PBXBuildFile; fileRef = AD026E57274BEAC900E4E224 /* Main.storyboard */; };
		AD026E5B274BEAC900E4E224 /* main.m in Sources */ = {isa = PBXBuildFile; fileRef = AD026E5A274BEAC900E4E224 /* main.m */; };
		AD026E6F274BFF8100E4E224 /* Predefined.plist in Resources */ = {isa = PBXBuildFile; fileRef = AD026E6E274BFF8100E4E224 /* Predefined.plist */; };
		AD1DB8362AD7ED2A00E130D2 /* Credits.rtf in Resources */ = {isa = PBXBuildFile; fileRef = AD1DB8382AD7ED2A00E130D2 /* Credits.rtf */; };
		AD1E2DCE27FD849F00A7CC6B /* MTColor.m in Sources */ = {isa = PBXBuildFile; fileRef = AD1E2DCD27FD849F00A7CC6B /* MTColor.m */; };
		AD1E5FE92C6026E400E9C59B /* InfoPlist.xcstrings in Resources */ = {isa = PBXBuildFile; fileRef = AD1E5FE82C6026E400E9C59B /* InfoPlist.xcstrings */; };
		AD2A111428E4968B00537ABA /* MTBackgroundCollection.m in Sources */ = {isa = PBXBuildFile; fileRef = AD2A111328E4968B00537ABA /* MTBackgroundCollection.m */; };
		AD343BE0274FB81200CA946F /* MTGradientView.m in Sources */ = {isa = PBXBuildFile; fileRef = AD343BDF274FB81200CA946F /* MTGradientView.m */; };
		AD39F34028E4456A0052B39E /* MTCollectionViewGapItem.m in Sources */ = {isa = PBXBuildFile; fileRef = AD39F33F28E4456A0052B39E /* MTCollectionViewGapItem.m */; };
		AD39F34228E448160052B39E /* MTCollectionViewGapItem.xib in Resources */ = {isa = PBXBuildFile; fileRef = AD39F34128E448160052B39E /* MTCollectionViewGapItem.xib */; };
		AD4BAC38275FA5830008C80D /* MTGradientPickerView.m in Sources */ = {isa = PBXBuildFile; fileRef = AD4BAC32275FA5830008C80D /* MTGradientPickerView.m */; };
		AD4BAC39275FA5830008C80D /* MTColorWell.m in Sources */ = {isa = PBXBuildFile; fileRef = AD4BAC33275FA5830008C80D /* MTColorWell.m */; };
		AD4BAC3A275FA5830008C80D /* MTColorWellContainerView.m in Sources */ = {isa = PBXBuildFile; fileRef = AD4BAC36275FA5830008C80D /* MTColorWellContainerView.m */; };
		AD53BA3E28EB5FC1001C2671 /* MTPopUpButton.m in Sources */ = {isa = PBXBuildFile; fileRef = AD53BA3D28EB5FC1001C2671 /* MTPopUpButton.m */; };
		AD5671C928E1C79F004317CB /* MTImage.m in Sources */ = {isa = PBXBuildFile; fileRef = AD5671C828E1C79F004317CB /* MTImage.m */; };
		AD67050B2872F50400D7FEC2 /* Backgrounds.mobileconfig in Resources */ = {isa = PBXBuildFile; fileRef = AD67050A2872F50400D7FEC2 /* Backgrounds.mobileconfig */; };
		AD67EBAC28E33BED003DEDB5 /* MTFilePromiseProvider.m in Sources */ = {isa = PBXBuildFile; fileRef = AD67EBAB28E33BED003DEDB5 /* MTFilePromiseProvider.m */; };
		ADB5298328BE5ED8004D4BFA /* MTCollectionViewHeader.m in Sources */ = {isa = PBXBuildFile; fileRef = ADB5298128BE5ED8004D4BFA /* MTCollectionViewHeader.m */; };
		ADB5298528BE5F74004D4BFA /* MTCollectionViewHeader.xib in Resources */ = {isa = PBXBuildFile; fileRef = ADB5298428BE5F74004D4BFA /* MTCollectionViewHeader.xib */; };
		ADCB8E1A2779C04D00B27213 /* MTDesktopPicture.m in Sources */ = {isa = PBXBuildFile; fileRef = ADCB8E192779C04D00B27213 /* MTDesktopPicture.m */; };
		ADDBE5FC2C602515008FAA21 /* Localizable.xcstrings in Resources */ = {isa = PBXBuildFile; fileRef = ADDBE5FB2C602515008FAA21 /* Localizable.xcstrings */; };
		ADE07F5028E435700034ED25 /* MTSlider.m in Sources */ = {isa = PBXBuildFile; fileRef = ADE07F4F28E435700034ED25 /* MTSlider.m */; };
		ADE2AAE328EF23F400272E13 /* MTLogoCollection.m in Sources */ = {isa = PBXBuildFile; fileRef = ADE2AAE228EF23F400272E13 /* MTLogoCollection.m */; };
		ADE3344A274CDC6A005FEC72 /* MTCollectionViewItem.m in Sources */ = {isa = PBXBuildFile; fileRef = ADE33448274CDC6A005FEC72 /* MTCollectionViewItem.m */; };
		ADE3344B274CDC6A005FEC72 /* MTCollectionViewItem.xib in Resources */ = {isa = PBXBuildFile; fileRef = ADE33449274CDC6A005FEC72 /* MTCollectionViewItem.xib */; };
		ADE504A4280027EC006AA9A3 /* MTCollectionView.m in Sources */ = {isa = PBXBuildFile; fileRef = ADE504A3280027EC006AA9A3 /* MTCollectionView.m */; };
/* End PBXBuildFile section */

/* Begin PBXCopyFilesBuildPhase section */
		ADE2AAFD28EF2AF200272E13 /* Embed Foundation Extensions */ = {
			isa = PBXCopyFilesBuildPhase;
			buildActionMask = 2147483647;
			dstPath = "";
			dstSubfolderSpec = 13;
			files = (
			);
			name = "Embed Foundation Extensions";
			runOnlyForDeploymentPostprocessing = 0;
		};
/* End PBXCopyFilesBuildPhase section */

/* Begin PBXFileReference section */
		AD026E4C274BEAC700E4E224 /* Backgrounds.app */ = {isa = PBXFileReference; explicitFileType = wrapper.application; includeInIndex = 0; path = Backgrounds.app; sourceTree = BUILT_PRODUCTS_DIR; };
		AD026E4F274BEAC700E4E224 /* AppDelegate.h */ = {isa = PBXFileReference; lastKnownFileType = sourcecode.c.h; path = AppDelegate.h; sourceTree = "<group>"; };
		AD026E50274BEAC700E4E224 /* AppDelegate.m */ = {isa = PBXFileReference; lastKnownFileType = sourcecode.c.objc; path = AppDelegate.m; sourceTree = "<group>"; };
		AD026E52274BEAC700E4E224 /* MTMainViewController.h */ = {isa = PBXFileReference; lastKnownFileType = sourcecode.c.h; path = MTMainViewController.h; sourceTree = "<group>"; };
		AD026E53274BEAC700E4E224 /* MTMainViewController.m */ = {isa = PBXFileReference; lastKnownFileType = sourcecode.c.objc; path = MTMainViewController.m; sourceTree = "<group>"; };
		AD026E55274BEAC900E4E224 /* Assets.xcassets */ = {isa = PBXFileReference; lastKnownFileType = folder.assetcatalog; path = Assets.xcassets; sourceTree = "<group>"; };
		AD026E58274BEAC900E4E224 /* Base */ = {isa = PBXFileReference; lastKnownFileType = file.storyboard; name = Base; path = Base.lproj/Main.storyboard; sourceTree = "<group>"; };
		AD026E5A274BEAC900E4E224 /* main.m */ = {isa = PBXFileReference; lastKnownFileType = sourcecode.c.objc; path = main.m; sourceTree = "<group>"; };
		AD026E5C274BEAC900E4E224 /* Backgrounds.entitlements */ = {isa = PBXFileReference; lastKnownFileType = text.plist.entitlements; path = Backgrounds.entitlements; sourceTree = "<group>"; };
		AD026E6E274BFF8100E4E224 /* Predefined.plist */ = {isa = PBXFileReference; lastKnownFileType = text.plist.xml; path = Predefined.plist; sourceTree = "<group>"; };
		AD026E70274C0CAD00E4E224 /* Info.plist */ = {isa = PBXFileReference; lastKnownFileType = text.plist; path = Info.plist; sourceTree = "<group>"; };
		AD10647E279EE65A00C03864 /* Constants.h */ = {isa = PBXFileReference; lastKnownFileType = sourcecode.c.h; path = Constants.h; sourceTree = "<group>"; };
		AD1DB8372AD7ED2A00E130D2 /* Base */ = {isa = PBXFileReference; lastKnownFileType = text.rtf; name = Base; path = Base.lproj/Credits.rtf; sourceTree = "<group>"; };
		AD1DB8392AD7ED2B00E130D2 /* de */ = {isa = PBXFileReference; lastKnownFileType = text.rtf; name = de; path = de.lproj/Credits.rtf; sourceTree = "<group>"; };
		AD1E2DCC27FD849F00A7CC6B /* MTColor.h */ = {isa = PBXFileReference; fileEncoding = 4; lastKnownFileType = sourcecode.c.h; path = MTColor.h; sourceTree = "<group>"; };
		AD1E2DCD27FD849F00A7CC6B /* MTColor.m */ = {isa = PBXFileReference; fileEncoding = 4; lastKnownFileType = sourcecode.c.objc; path = MTColor.m; sourceTree = "<group>"; };
		AD1E5FE82C6026E400E9C59B /* InfoPlist.xcstrings */ = {isa = PBXFileReference; lastKnownFileType = text.json.xcstrings; path = InfoPlist.xcstrings; sourceTree = "<group>"; };
		AD2A111228E4968B00537ABA /* MTBackgroundCollection.h */ = {isa = PBXFileReference; lastKnownFileType = sourcecode.c.h; name = MTBackgroundCollection.h; path = Backgrounds/Classes/MTBackgroundCollection.h; sourceTree = SOURCE_ROOT; };
		AD2A111328E4968B00537ABA /* MTBackgroundCollection.m */ = {isa = PBXFileReference; lastKnownFileType = sourcecode.c.objc; name = MTBackgroundCollection.m; path = Backgrounds/Classes/MTBackgroundCollection.m; sourceTree = SOURCE_ROOT; };
		AD343BDE274FB81200CA946F /* MTGradientView.h */ = {isa = PBXFileReference; lastKnownFileType = sourcecode.c.h; path = MTGradientView.h; sourceTree = "<group>"; };
		AD343BDF274FB81200CA946F /* MTGradientView.m */ = {isa = PBXFileReference; lastKnownFileType = sourcecode.c.objc; path = MTGradientView.m; sourceTree = "<group>"; };
		AD39F33E28E4456A0052B39E /* MTCollectionViewGapItem.h */ = {isa = PBXFileReference; fileEncoding = 4; lastKnownFileType = sourcecode.c.h; path = MTCollectionViewGapItem.h; sourceTree = "<group>"; };
		AD39F33F28E4456A0052B39E /* MTCollectionViewGapItem.m */ = {isa = PBXFileReference; fileEncoding = 4; lastKnownFileType = sourcecode.c.objc; path = MTCollectionViewGapItem.m; sourceTree = "<group>"; };
		AD39F34128E448160052B39E /* MTCollectionViewGapItem.xib */ = {isa = PBXFileReference; fileEncoding = 4; lastKnownFileType = file.xib; path = MTCollectionViewGapItem.xib; sourceTree = "<group>"; };
		AD4BAC32275FA5830008C80D /* MTGradientPickerView.m */ = {isa = PBXFileReference; fileEncoding = 4; lastKnownFileType = sourcecode.c.objc; path = MTGradientPickerView.m; sourceTree = "<group>"; };
		AD4BAC33275FA5830008C80D /* MTColorWell.m */ = {isa = PBXFileReference; fileEncoding = 4; lastKnownFileType = sourcecode.c.objc; path = MTColorWell.m; sourceTree = "<group>"; };
		AD4BAC34275FA5830008C80D /* MTColorWell.h */ = {isa = PBXFileReference; fileEncoding = 4; lastKnownFileType = sourcecode.c.h; path = MTColorWell.h; sourceTree = "<group>"; };
		AD4BAC35275FA5830008C80D /* MTGradientPickerView.h */ = {isa = PBXFileReference; fileEncoding = 4; lastKnownFileType = sourcecode.c.h; path = MTGradientPickerView.h; sourceTree = "<group>"; };
		AD4BAC36275FA5830008C80D /* MTColorWellContainerView.m */ = {isa = PBXFileReference; fileEncoding = 4; lastKnownFileType = sourcecode.c.objc; path = MTColorWellContainerView.m; sourceTree = "<group>"; };
		AD4BAC37275FA5830008C80D /* MTColorWellContainerView.h */ = {isa = PBXFileReference; fileEncoding = 4; lastKnownFileType = sourcecode.c.h; path = MTColorWellContainerView.h; sourceTree = "<group>"; };
		AD53BA3C28EB5FC1001C2671 /* MTPopUpButton.h */ = {isa = PBXFileReference; lastKnownFileType = sourcecode.c.h; name = MTPopUpButton.h; path = Backgrounds/Classes/MTPopUpButton.h; sourceTree = SOURCE_ROOT; };
		AD53BA3D28EB5FC1001C2671 /* MTPopUpButton.m */ = {isa = PBXFileReference; lastKnownFileType = sourcecode.c.objc; name = MTPopUpButton.m; path = Backgrounds/Classes/MTPopUpButton.m; sourceTree = SOURCE_ROOT; };
		AD5671C728E1C79F004317CB /* MTImage.h */ = {isa = PBXFileReference; fileEncoding = 4; lastKnownFileType = sourcecode.c.h; path = MTImage.h; sourceTree = "<group>"; };
		AD5671C828E1C79F004317CB /* MTImage.m */ = {isa = PBXFileReference; fileEncoding = 4; lastKnownFileType = sourcecode.c.objc; path = MTImage.m; sourceTree = "<group>"; };
		AD67050A2872F50400D7FEC2 /* Backgrounds.mobileconfig */ = {isa = PBXFileReference; fileEncoding = 4; lastKnownFileType = text.xml; path = Backgrounds.mobileconfig; sourceTree = "<group>"; };
		AD67EBAA28E33BED003DEDB5 /* MTFilePromiseProvider.h */ = {isa = PBXFileReference; lastKnownFileType = sourcecode.c.h; path = MTFilePromiseProvider.h; sourceTree = "<group>"; };
		AD67EBAB28E33BED003DEDB5 /* MTFilePromiseProvider.m */ = {isa = PBXFileReference; lastKnownFileType = sourcecode.c.objc; path = MTFilePromiseProvider.m; sourceTree = "<group>"; };
		ADB5298128BE5ED8004D4BFA /* MTCollectionViewHeader.m */ = {isa = PBXFileReference; fileEncoding = 4; lastKnownFileType = sourcecode.c.objc; path = MTCollectionViewHeader.m; sourceTree = "<group>"; };
		ADB5298228BE5ED8004D4BFA /* MTCollectionViewHeader.h */ = {isa = PBXFileReference; fileEncoding = 4; lastKnownFileType = sourcecode.c.h; path = MTCollectionViewHeader.h; sourceTree = "<group>"; };
		ADB5298428BE5F74004D4BFA /* MTCollectionViewHeader.xib */ = {isa = PBXFileReference; fileEncoding = 4; lastKnownFileType = file.xib; path = MTCollectionViewHeader.xib; sourceTree = "<group>"; };
		ADCB8E182779C04D00B27213 /* MTDesktopPicture.h */ = {isa = PBXFileReference; lastKnownFileType = sourcecode.c.h; path = MTDesktopPicture.h; sourceTree = "<group>"; };
		ADCB8E192779C04D00B27213 /* MTDesktopPicture.m */ = {isa = PBXFileReference; lastKnownFileType = sourcecode.c.objc; path = MTDesktopPicture.m; sourceTree = "<group>"; };
		ADDBE5FB2C602515008FAA21 /* Localizable.xcstrings */ = {isa = PBXFileReference; lastKnownFileType = text.json.xcstrings; path = Localizable.xcstrings; sourceTree = "<group>"; };
		ADDBE5FD2C602515008FAA21 /* mul */ = {isa = PBXFileReference; lastKnownFileType = text.json.xcstrings; name = mul; path = mul.lproj/Main.xcstrings; sourceTree = "<group>"; };
		ADE07F4E28E435700034ED25 /* MTSlider.h */ = {isa = PBXFileReference; lastKnownFileType = sourcecode.c.h; name = MTSlider.h; path = Backgrounds/Classes/MTSlider.h; sourceTree = SOURCE_ROOT; };
		ADE07F4F28E435700034ED25 /* MTSlider.m */ = {isa = PBXFileReference; lastKnownFileType = sourcecode.c.objc; name = MTSlider.m; path = Backgrounds/Classes/MTSlider.m; sourceTree = SOURCE_ROOT; };
		ADE2AAE128EF23F400272E13 /* MTLogoCollection.h */ = {isa = PBXFileReference; lastKnownFileType = sourcecode.c.h; path = MTLogoCollection.h; sourceTree = "<group>"; };
		ADE2AAE228EF23F400272E13 /* MTLogoCollection.m */ = {isa = PBXFileReference; lastKnownFileType = sourcecode.c.objc; path = MTLogoCollection.m; sourceTree = "<group>"; };
		ADE33447274CDC6A005FEC72 /* MTCollectionViewItem.h */ = {isa = PBXFileReference; lastKnownFileType = sourcecode.c.h; path = MTCollectionViewItem.h; sourceTree = "<group>"; };
		ADE33448274CDC6A005FEC72 /* MTCollectionViewItem.m */ = {isa = PBXFileReference; lastKnownFileType = sourcecode.c.objc; path = MTCollectionViewItem.m; sourceTree = "<group>"; };
		ADE33449274CDC6A005FEC72 /* MTCollectionViewItem.xib */ = {isa = PBXFileReference; lastKnownFileType = file.xib; path = MTCollectionViewItem.xib; sourceTree = "<group>"; };
		ADE504A2280027EC006AA9A3 /* MTCollectionView.h */ = {isa = PBXFileReference; lastKnownFileType = sourcecode.c.h; path = MTCollectionView.h; sourceTree = "<group>"; };
		ADE504A3280027EC006AA9A3 /* MTCollectionView.m */ = {isa = PBXFileReference; lastKnownFileType = sourcecode.c.objc; path = MTCollectionView.m; sourceTree = "<group>"; };
/* End PBXFileReference section */

/* Begin PBXFrameworksBuildPhase section */
		AD026E49274BEAC700E4E224 /* Frameworks */ = {
			isa = PBXFrameworksBuildPhase;
			buildActionMask = 2147483647;
			files = (
			);
			runOnlyForDeploymentPostprocessing = 0;
		};
/* End PBXFrameworksBuildPhase section */

/* Begin PBXGroup section */
		AD026E43274BEAC700E4E224 = {
			isa = PBXGroup;
			children = (
				AD026E4E274BEAC700E4E224 /* Backgrounds */,
				AD026E4D274BEAC700E4E224 /* Products */,
				AD026E68274BECF500E4E224 /* Frameworks */,
			);
			sourceTree = "<group>";
		};
		AD026E4D274BEAC700E4E224 /* Products */ = {
			isa = PBXGroup;
			children = (
				AD026E4C274BEAC700E4E224 /* Backgrounds.app */,
			);
			name = Products;
			sourceTree = "<group>";
		};
		AD026E4E274BEAC700E4E224 /* Backgrounds */ = {
			isa = PBXGroup;
			children = (
				AD63EE0228D2134C00419DA9 /* View Controllers */,
				AD4BAC3B275FA7220008C80D /* Classes */,
				AD6705092872F4C200D7FEC2 /* Supporting Files */,
				AD026E4F274BEAC700E4E224 /* AppDelegate.h */,
				AD026E50274BEAC700E4E224 /* AppDelegate.m */,
			);
			path = Backgrounds;
			sourceTree = "<group>";
		};
		AD026E68274BECF500E4E224 /* Frameworks */ = {
			isa = PBXGroup;
			children = (
			);
			name = Frameworks;
			sourceTree = "<group>";
		};
		AD4BAC3B275FA7220008C80D /* Classes */ = {
			isa = PBXGroup;
			children = (
				AD2A111228E4968B00537ABA /* MTBackgroundCollection.h */,
				AD2A111328E4968B00537ABA /* MTBackgroundCollection.m */,
				ADE504A2280027EC006AA9A3 /* MTCollectionView.h */,
				ADE504A3280027EC006AA9A3 /* MTCollectionView.m */,
				AD39F33E28E4456A0052B39E /* MTCollectionViewGapItem.h */,
				AD39F33F28E4456A0052B39E /* MTCollectionViewGapItem.m */,
				ADB5298228BE5ED8004D4BFA /* MTCollectionViewHeader.h */,
				ADB5298128BE5ED8004D4BFA /* MTCollectionViewHeader.m */,
				ADE33447274CDC6A005FEC72 /* MTCollectionViewItem.h */,
				ADE33448274CDC6A005FEC72 /* MTCollectionViewItem.m */,
				AD1E2DCC27FD849F00A7CC6B /* MTColor.h */,
				AD1E2DCD27FD849F00A7CC6B /* MTColor.m */,
				AD4BAC34275FA5830008C80D /* MTColorWell.h */,
				AD4BAC33275FA5830008C80D /* MTColorWell.m */,
				AD4BAC37275FA5830008C80D /* MTColorWellContainerView.h */,
				AD4BAC36275FA5830008C80D /* MTColorWellContainerView.m */,
				ADCB8E182779C04D00B27213 /* MTDesktopPicture.h */,
				ADCB8E192779C04D00B27213 /* MTDesktopPicture.m */,
				AD67EBAA28E33BED003DEDB5 /* MTFilePromiseProvider.h */,
				AD67EBAB28E33BED003DEDB5 /* MTFilePromiseProvider.m */,
				AD4BAC35275FA5830008C80D /* MTGradientPickerView.h */,
				AD4BAC32275FA5830008C80D /* MTGradientPickerView.m */,
				AD343BDE274FB81200CA946F /* MTGradientView.h */,
				AD343BDF274FB81200CA946F /* MTGradientView.m */,
				AD5671C728E1C79F004317CB /* MTImage.h */,
				AD5671C828E1C79F004317CB /* MTImage.m */,
				ADE2AAE128EF23F400272E13 /* MTLogoCollection.h */,
				ADE2AAE228EF23F400272E13 /* MTLogoCollection.m */,
				AD53BA3C28EB5FC1001C2671 /* MTPopUpButton.h */,
				AD53BA3D28EB5FC1001C2671 /* MTPopUpButton.m */,
				ADE07F4E28E435700034ED25 /* MTSlider.h */,
				ADE07F4F28E435700034ED25 /* MTSlider.m */,
			);
			path = Classes;
			sourceTree = "<group>";
		};
		AD63EE0228D2134C00419DA9 /* View Controllers */ = {
			isa = PBXGroup;
			children = (
				AD026E52274BEAC700E4E224 /* MTMainViewController.h */,
				AD026E53274BEAC700E4E224 /* MTMainViewController.m */,
			);
			path = "View Controllers";
			sourceTree = "<group>";
		};
		AD6705092872F4C200D7FEC2 /* Supporting Files */ = {
			isa = PBXGroup;
			children = (
				AD026E55274BEAC900E4E224 /* Assets.xcassets */,
				AD026E5C274BEAC900E4E224 /* Backgrounds.entitlements */,
				AD67050A2872F50400D7FEC2 /* Backgrounds.mobileconfig */,
				AD10647E279EE65A00C03864 /* Constants.h */,
				AD1DB8382AD7ED2A00E130D2 /* Credits.rtf */,
				AD026E70274C0CAD00E4E224 /* Info.plist */,
				ADDBE5FB2C602515008FAA21 /* Localizable.xcstrings */,
				AD1E5FE82C6026E400E9C59B /* InfoPlist.xcstrings */,
				AD026E5A274BEAC900E4E224 /* main.m */,
				AD026E57274BEAC900E4E224 /* Main.storyboard */,
				ADB5298428BE5F74004D4BFA /* MTCollectionViewHeader.xib */,
				ADE33449274CDC6A005FEC72 /* MTCollectionViewItem.xib */,
				AD39F34128E448160052B39E /* MTCollectionViewGapItem.xib */,
				AD026E6E274BFF8100E4E224 /* Predefined.plist */,
			);
			name = "Supporting Files";
			sourceTree = "<group>";
		};
/* End PBXGroup section */

/* Begin PBXNativeTarget section */
		AD026E4B274BEAC700E4E224 /* Backgrounds */ = {
			isa = PBXNativeTarget;
			buildConfigurationList = AD026E5F274BEAC900E4E224 /* Build configuration list for PBXNativeTarget "Backgrounds" */;
			buildPhases = (
				AD026E48274BEAC700E4E224 /* Sources */,
				AD026E49274BEAC700E4E224 /* Frameworks */,
				AD026E4A274BEAC700E4E224 /* Resources */,
				ADE2AAFD28EF2AF200272E13 /* Embed Foundation Extensions */,
			);
			buildRules = (
			);
			dependencies = (
			);
			name = Backgrounds;
			productName = Backgrounds;
			productReference = AD026E4C274BEAC700E4E224 /* Backgrounds.app */;
			productType = "com.apple.product-type.application";
		};
/* End PBXNativeTarget section */

/* Begin PBXProject section */
		AD026E44274BEAC700E4E224 /* Project object */ = {
			isa = PBXProject;
			attributes = {
				BuildIndependentTargetsInParallel = 1;
				LastUpgradeCheck = 1600;
				TargetAttributes = {
					AD026E4B274BEAC700E4E224 = {
						CreatedOnToolsVersion = 13.1;
					};
				};
			};
			buildConfigurationList = AD026E47274BEAC700E4E224 /* Build configuration list for PBXProject "Backgrounds" */;
			compatibilityVersion = "Xcode 14.0";
			developmentRegion = en;
			hasScannedForEncodings = 0;
			knownRegions = (
				en,
				Base,
				de,
			);
			mainGroup = AD026E43274BEAC700E4E224;
			productRefGroup = AD026E4D274BEAC700E4E224 /* Products */;
			projectDirPath = "";
			projectRoot = "";
			targets = (
				AD026E4B274BEAC700E4E224 /* Backgrounds */,
			);
		};
/* End PBXProject section */

/* Begin PBXResourcesBuildPhase section */
		AD026E4A274BEAC700E4E224 /* Resources */ = {
			isa = PBXResourcesBuildPhase;
			buildActionMask = 2147483647;
			files = (
				AD1DB8362AD7ED2A00E130D2 /* Credits.rtf in Resources */,
				ADE3344B274CDC6A005FEC72 /* MTCollectionViewItem.xib in Resources */,
				AD026E6F274BFF8100E4E224 /* Predefined.plist in Resources */,
				AD39F34228E448160052B39E /* MTCollectionViewGapItem.xib in Resources */,
				AD026E56274BEAC900E4E224 /* Assets.xcassets in Resources */,
				ADDBE5FC2C602515008FAA21 /* Localizable.xcstrings in Resources */,
				AD1E5FE92C6026E400E9C59B /* InfoPlist.xcstrings in Resources */,
				ADB5298528BE5F74004D4BFA /* MTCollectionViewHeader.xib in Resources */,
				AD026E59274BEAC900E4E224 /* Main.storyboard in Resources */,
				AD67050B2872F50400D7FEC2 /* Backgrounds.mobileconfig in Resources */,
			);
			runOnlyForDeploymentPostprocessing = 0;
		};
/* End PBXResourcesBuildPhase section */

/* Begin PBXSourcesBuildPhase section */
		AD026E48274BEAC700E4E224 /* Sources */ = {
			isa = PBXSourcesBuildPhase;
			buildActionMask = 2147483647;
			files = (
				AD39F34028E4456A0052B39E /* MTCollectionViewGapItem.m in Sources */,
				AD026E54274BEAC700E4E224 /* MTMainViewController.m in Sources */,
				ADB5298328BE5ED8004D4BFA /* MTCollectionViewHeader.m in Sources */,
				AD4BAC38275FA5830008C80D /* MTGradientPickerView.m in Sources */,
				AD026E5B274BEAC900E4E224 /* main.m in Sources */,
				AD53BA3E28EB5FC1001C2671 /* MTPopUpButton.m in Sources */,
				AD67EBAC28E33BED003DEDB5 /* MTFilePromiseProvider.m in Sources */,
				AD4BAC39275FA5830008C80D /* MTColorWell.m in Sources */,
				AD026E51274BEAC700E4E224 /* AppDelegate.m in Sources */,
				AD5671C928E1C79F004317CB /* MTImage.m in Sources */,
				AD4BAC3A275FA5830008C80D /* MTColorWellContainerView.m in Sources */,
				ADE07F5028E435700034ED25 /* MTSlider.m in Sources */,
				ADCB8E1A2779C04D00B27213 /* MTDesktopPicture.m in Sources */,
				AD2A111428E4968B00537ABA /* MTBackgroundCollection.m in Sources */,
				ADE504A4280027EC006AA9A3 /* MTCollectionView.m in Sources */,
				ADE3344A274CDC6A005FEC72 /* MTCollectionViewItem.m in Sources */,
				AD1E2DCE27FD849F00A7CC6B /* MTColor.m in Sources */,
				ADE2AAE328EF23F400272E13 /* MTLogoCollection.m in Sources */,
				AD343BE0274FB81200CA946F /* MTGradientView.m in Sources */,
			);
			runOnlyForDeploymentPostprocessing = 0;
		};
/* End PBXSourcesBuildPhase section */

/* Begin PBXVariantGroup section */
		AD026E57274BEAC900E4E224 /* Main.storyboard */ = {
			isa = PBXVariantGroup;
			children = (
				AD026E58274BEAC900E4E224 /* Base */,
				ADDBE5FD2C602515008FAA21 /* mul */,
			);
			name = Main.storyboard;
			sourceTree = "<group>";
		};
		AD1DB8382AD7ED2A00E130D2 /* Credits.rtf */ = {
			isa = PBXVariantGroup;
			children = (
				AD1DB8372AD7ED2A00E130D2 /* Base */,
				AD1DB8392AD7ED2B00E130D2 /* de */,
			);
			name = Credits.rtf;
			sourceTree = "<group>";
		};
/* End PBXVariantGroup section */

/* Begin XCBuildConfiguration section */
		AD026E5D274BEAC900E4E224 /* Debug */ = {
			isa = XCBuildConfiguration;
			buildSettings = {
				ALWAYS_SEARCH_USER_PATHS = NO;
				ASSETCATALOG_COMPILER_GENERATE_SWIFT_ASSET_SYMBOL_EXTENSIONS = YES;
				CLANG_ANALYZER_LOCALIZABILITY_NONLOCALIZED = YES;
				CLANG_ANALYZER_NONNULL = YES;
				CLANG_ANALYZER_NUMBER_OBJECT_CONVERSION = YES_AGGRESSIVE;
				CLANG_CXX_LANGUAGE_STANDARD = "gnu++17";
				CLANG_CXX_LIBRARY = "libc++";
				CLANG_ENABLE_MODULES = YES;
				CLANG_ENABLE_OBJC_ARC = YES;
				CLANG_ENABLE_OBJC_WEAK = YES;
				CLANG_WARN_BLOCK_CAPTURE_AUTORELEASING = YES;
				CLANG_WARN_BOOL_CONVERSION = YES;
				CLANG_WARN_COMMA = YES;
				CLANG_WARN_CONSTANT_CONVERSION = YES;
				CLANG_WARN_DEPRECATED_OBJC_IMPLEMENTATIONS = YES;
				CLANG_WARN_DIRECT_OBJC_ISA_USAGE = YES_ERROR;
				CLANG_WARN_DOCUMENTATION_COMMENTS = YES;
				CLANG_WARN_EMPTY_BODY = YES;
				CLANG_WARN_ENUM_CONVERSION = YES;
				CLANG_WARN_INFINITE_RECURSION = YES;
				CLANG_WARN_INT_CONVERSION = YES;
				CLANG_WARN_NON_LITERAL_NULL_CONVERSION = YES;
				CLANG_WARN_OBJC_IMPLICIT_RETAIN_SELF = YES;
				CLANG_WARN_OBJC_LITERAL_CONVERSION = YES;
				CLANG_WARN_OBJC_ROOT_CLASS = YES_ERROR;
				CLANG_WARN_QUOTED_INCLUDE_IN_FRAMEWORK_HEADER = YES;
				CLANG_WARN_RANGE_LOOP_ANALYSIS = YES;
				CLANG_WARN_STRICT_PROTOTYPES = YES;
				CLANG_WARN_SUSPICIOUS_MOVE = YES;
				CLANG_WARN_UNGUARDED_AVAILABILITY = YES_AGGRESSIVE;
				CLANG_WARN_UNREACHABLE_CODE = YES;
				CLANG_WARN__DUPLICATE_METHOD_MATCH = YES;
				COPY_PHASE_STRIP = NO;
				DEAD_CODE_STRIPPING = YES;
				DEBUG_INFORMATION_FORMAT = dwarf;
				ENABLE_STRICT_OBJC_MSGSEND = YES;
				ENABLE_TESTABILITY = YES;
				ENABLE_USER_SCRIPT_SANDBOXING = YES;
				GCC_C_LANGUAGE_STANDARD = gnu11;
				GCC_DYNAMIC_NO_PIC = NO;
				GCC_NO_COMMON_BLOCKS = YES;
				GCC_OPTIMIZATION_LEVEL = 0;
				GCC_PREPROCESSOR_DEFINITIONS = (
					"DEBUG=1",
					"$(inherited)",
				);
				GCC_WARN_64_TO_32_BIT_CONVERSION = YES;
				GCC_WARN_ABOUT_RETURN_TYPE = YES_ERROR;
				GCC_WARN_UNDECLARED_SELECTOR = YES;
				GCC_WARN_UNINITIALIZED_AUTOS = YES_AGGRESSIVE;
				GCC_WARN_UNUSED_FUNCTION = YES;
				GCC_WARN_UNUSED_VARIABLE = YES;
				LOCALIZATION_PREFERS_STRING_CATALOGS = YES;
				MACOSX_DEPLOYMENT_TARGET = 11.0;
				MTL_ENABLE_DEBUG_INFO = INCLUDE_SOURCE;
				MTL_FAST_MATH = YES;
				ONLY_ACTIVE_ARCH = YES;
				SDKROOT = macosx;
				SWIFT_EMIT_LOC_STRINGS = YES;
			};
			name = Debug;
		};
		AD026E5E274BEAC900E4E224 /* Release */ = {
			isa = XCBuildConfiguration;
			buildSettings = {
				ALWAYS_SEARCH_USER_PATHS = NO;
				ASSETCATALOG_COMPILER_GENERATE_SWIFT_ASSET_SYMBOL_EXTENSIONS = YES;
				CLANG_ANALYZER_LOCALIZABILITY_NONLOCALIZED = YES;
				CLANG_ANALYZER_NONNULL = YES;
				CLANG_ANALYZER_NUMBER_OBJECT_CONVERSION = YES_AGGRESSIVE;
				CLANG_CXX_LANGUAGE_STANDARD = "gnu++17";
				CLANG_CXX_LIBRARY = "libc++";
				CLANG_ENABLE_MODULES = YES;
				CLANG_ENABLE_OBJC_ARC = YES;
				CLANG_ENABLE_OBJC_WEAK = YES;
				CLANG_WARN_BLOCK_CAPTURE_AUTORELEASING = YES;
				CLANG_WARN_BOOL_CONVERSION = YES;
				CLANG_WARN_COMMA = YES;
				CLANG_WARN_CONSTANT_CONVERSION = YES;
				CLANG_WARN_DEPRECATED_OBJC_IMPLEMENTATIONS = YES;
				CLANG_WARN_DIRECT_OBJC_ISA_USAGE = YES_ERROR;
				CLANG_WARN_DOCUMENTATION_COMMENTS = YES;
				CLANG_WARN_EMPTY_BODY = YES;
				CLANG_WARN_ENUM_CONVERSION = YES;
				CLANG_WARN_INFINITE_RECURSION = YES;
				CLANG_WARN_INT_CONVERSION = YES;
				CLANG_WARN_NON_LITERAL_NULL_CONVERSION = YES;
				CLANG_WARN_OBJC_IMPLICIT_RETAIN_SELF = YES;
				CLANG_WARN_OBJC_LITERAL_CONVERSION = YES;
				CLANG_WARN_OBJC_ROOT_CLASS = YES_ERROR;
				CLANG_WARN_QUOTED_INCLUDE_IN_FRAMEWORK_HEADER = YES;
				CLANG_WARN_RANGE_LOOP_ANALYSIS = YES;
				CLANG_WARN_STRICT_PROTOTYPES = YES;
				CLANG_WARN_SUSPICIOUS_MOVE = YES;
				CLANG_WARN_UNGUARDED_AVAILABILITY = YES_AGGRESSIVE;
				CLANG_WARN_UNREACHABLE_CODE = YES;
				CLANG_WARN__DUPLICATE_METHOD_MATCH = YES;
				COPY_PHASE_STRIP = NO;
				DEAD_CODE_STRIPPING = YES;
				DEBUG_INFORMATION_FORMAT = "dwarf-with-dsym";
				ENABLE_NS_ASSERTIONS = NO;
				ENABLE_STRICT_OBJC_MSGSEND = YES;
				ENABLE_USER_SCRIPT_SANDBOXING = YES;
				GCC_C_LANGUAGE_STANDARD = gnu11;
				GCC_NO_COMMON_BLOCKS = YES;
				GCC_WARN_64_TO_32_BIT_CONVERSION = YES;
				GCC_WARN_ABOUT_RETURN_TYPE = YES_ERROR;
				GCC_WARN_UNDECLARED_SELECTOR = YES;
				GCC_WARN_UNINITIALIZED_AUTOS = YES_AGGRESSIVE;
				GCC_WARN_UNUSED_FUNCTION = YES;
				GCC_WARN_UNUSED_VARIABLE = YES;
				LOCALIZATION_PREFERS_STRING_CATALOGS = YES;
				MACOSX_DEPLOYMENT_TARGET = 11.0;
				MTL_ENABLE_DEBUG_INFO = NO;
				MTL_FAST_MATH = YES;
				SDKROOT = macosx;
				SWIFT_EMIT_LOC_STRINGS = YES;
			};
			name = Release;
		};
		AD026E60274BEAC900E4E224 /* Debug */ = {
			isa = XCBuildConfiguration;
			buildSettings = {
				ASSETCATALOG_COMPILER_APPICON_NAME = AppIcon;
				ASSETCATALOG_COMPILER_GLOBAL_ACCENT_COLOR_NAME = AccentColor;
				CODE_SIGN_ENTITLEMENTS = Backgrounds/Backgrounds.entitlements;
				CODE_SIGN_IDENTITY = "Apple Development";
				CODE_SIGN_STYLE = Automatic;
				COMBINE_HIDPI_IMAGES = YES;
				CURRENT_PROJECT_VERSION = 2141;
				DEAD_CODE_STRIPPING = YES;
				DEVELOPMENT_TEAM = 7R5ZEU67FQ;
				ENABLE_HARDENED_RUNTIME = YES;
				GENERATE_INFOPLIST_FILE = YES;
				INFOPLIST_FILE = Backgrounds/Info.plist;
				INFOPLIST_KEY_LSApplicationCategoryType = "public.app-category.utilities";
				INFOPLIST_KEY_NSHumanReadableCopyright = "Copyright © 2022-2024 SAP SE. All rights reserved.";
				INFOPLIST_KEY_NSMainStoryboardFile = Main;
				INFOPLIST_KEY_NSPrincipalClass = NSApplication;
				LD_RUNPATH_SEARCH_PATHS = (
					"$(inherited)",
					"@executable_path/../Frameworks",
				);
				MACOSX_DEPLOYMENT_TARGET = 11.0;
				MARKETING_VERSION = 1.0.5;
				PRODUCT_BUNDLE_IDENTIFIER = corp.sap.Backgrounds;
				PRODUCT_NAME = "$(TARGET_NAME)";
				SWIFT_EMIT_LOC_STRINGS = YES;
			};
			name = Debug;
		};
		AD026E61274BEAC900E4E224 /* Release */ = {
			isa = XCBuildConfiguration;
			buildSettings = {
				ASSETCATALOG_COMPILER_APPICON_NAME = AppIcon;
				ASSETCATALOG_COMPILER_GLOBAL_ACCENT_COLOR_NAME = AccentColor;
				CODE_SIGN_ENTITLEMENTS = Backgrounds/Backgrounds.entitlements;
				CODE_SIGN_IDENTITY = "Apple Development";
				CODE_SIGN_STYLE = Automatic;
				COMBINE_HIDPI_IMAGES = YES;
				CURRENT_PROJECT_VERSION = 2141;
				DEAD_CODE_STRIPPING = YES;
				DEVELOPMENT_TEAM = 7R5ZEU67FQ;
				ENABLE_HARDENED_RUNTIME = YES;
				GENERATE_INFOPLIST_FILE = YES;
				INFOPLIST_FILE = Backgrounds/Info.plist;
				INFOPLIST_KEY_LSApplicationCategoryType = "public.app-category.utilities";
				INFOPLIST_KEY_NSHumanReadableCopyright = "Copyright © 2022-2024 SAP SE. All rights reserved.";
				INFOPLIST_KEY_NSMainStoryboardFile = Main;
				INFOPLIST_KEY_NSPrincipalClass = NSApplication;
				LD_RUNPATH_SEARCH_PATHS = (
					"$(inherited)",
					"@executable_path/../Frameworks",
				);
				MACOSX_DEPLOYMENT_TARGET = 11.0;
				MARKETING_VERSION = 1.0.5;
				PRODUCT_BUNDLE_IDENTIFIER = corp.sap.Backgrounds;
				PRODUCT_NAME = "$(TARGET_NAME)";
				SWIFT_EMIT_LOC_STRINGS = YES;
			};
			name = Release;
		};
/* End XCBuildConfiguration section */

/* Begin XCConfigurationList section */
		AD026E47274BEAC700E4E224 /* Build configuration list for PBXProject "Backgrounds" */ = {
			isa = XCConfigurationList;
			buildConfigurations = (
				AD026E5D274BEAC900E4E224 /* Debug */,
				AD026E5E274BEAC900E4E224 /* Release */,
			);
			defaultConfigurationIsVisible = 0;
			defaultConfigurationName = Release;
		};
		AD026E5F274BEAC900E4E224 /* Build configuration list for PBXNativeTarget "Backgrounds" */ = {
			isa = XCConfigurationList;
			buildConfigurations = (
				AD026E60274BEAC900E4E224 /* Debug */,
				AD026E61274BEAC900E4E224 /* Release */,
			);
			defaultConfigurationIsVisible = 0;
			defaultConfigurationName = Release;
		};
/* End XCConfigurationList section */
	};
	rootObject = AD026E44274BEAC700E4E224 /* Project object */;
}
